
Microsoft Visual Studio Solution File, Format Version 12.00
# Visual Studio Version 17
VisualStudioVersion = 17.12.35527.113
MinimumVisualStudioVersion = 10.0.40219.1
Project("{FAE04EC0-301F-11D3-BF4B-00C04F79EFBC}") = "EF02", "EF02\EF02.csproj", "{FEB1A6C0-6D10-4898-8FC6-FA771D8BFB9B}"
EndProject
Project("{FAE04EC0-301F-11D3-BF4B-00C04F79EFBC}") = "Assignment", "Assignment\Assignment.csproj", "{77B21062-41E0-47EF-8CE3-84097DC35155}"
EndProject
Global
	GlobalSection(SolutionConfigurationPlatforms) = preSolution
		Debug|Any CPU = Debug|Any CPU
		Release|Any CPU = Release|Any CPU
	EndGlobalSection
	GlobalSection(ProjectConfigurationPlatforms) = postSolution
		{FEB1A6C0-6D10-4898-8FC6-FA771D8BFB9B}.Debug|Any CPU.ActiveCfg = Debug|Any CPU
		{FEB1A6C0-6D10-4898-8FC6-FA771D8BFB9B}.Debug|Any CPU.Build.0 = Debug|Any CPU
		{FEB1A6C0-6D10-4898-8FC6-FA771D8BFB9B}.Release|Any CPU.ActiveCfg = Release|Any CPU
		{FEB1A6C0-6D10-4898-8FC6-FA771D8BFB9B}.Release|Any CPU.Build.0 = Release|Any CPU
		{77B21062-41E0-47EF-8CE3-84097DC35155}.Debug|Any CPU.ActiveCfg = Debug|Any CPU
		{77B21062-41E0-47EF-8CE3-84097DC35155}.Debug|Any CPU.Build.0 = Debug|Any CPU
		{77B21062-41E0-47EF-8CE3-84097DC35155}.Release|Any CPU.ActiveCfg = Release|Any CPU
		{77B21062-41E0-47EF-8CE3-84097DC35155}.Release|Any CPU.Build.0 = Release|Any CPU
	EndGlobalSection
	GlobalSection(SolutionProperties) = preSolution
		HideSolutionNode = FALSE
	EndGlobalSection
EndGlobal
